
Microsoft Visual Studio Solution File, Format Version 11.00
# Visual Studio 2010
Project("{8BC9CEB8-8B4A-11D0-8D11-00A0C91BC942}") = "odd_eles", "odd_eles\odd_eles.vcxproj", "{05D41FB0-E85A-45C5-A018-8B4989D14ED4}"
EndProject
Global
	GlobalSection(SolutionConfigurationPlatforms) = preSolution
		Debug|Win32 = Debug|Win32
		Release|Win32 = Release|Win32
	EndGlobalSection
	GlobalSection(ProjectConfigurationPlatforms) = postSolution
		{05D41FB0-E85A-45C5-A018-8B4989D14ED4}.Debug|Win32.ActiveCfg = Debug|Win32
		{05D41FB0-E85A-45C5-A018-8B4989D14ED4}.Debug|Win32.Build.0 = Debug|Win32
		{05D41FB0-E85A-45C5-A018-8B4989D14ED4}.Release|Win32.ActiveCfg = Release|Win32
		{05D41FB0-E85A-45C5-A018-8B4989D14ED4}.Release|Win32.Build.0 = Release|Win32
	EndGlobalSection
	GlobalSection(SolutionProperties) = preSolution
		HideSolutionNode = FALSE
	EndGlobalSection
EndGlobal
