
Microsoft Visual Studio Solution File, Format Version 11.00
# Visual Studio 2010
Project("{8BC9CEB8-8B4A-11D0-8D11-00A0C91BC942}") = "running_total", "running_total\running_total.vcxproj", "{A8DE6F66-FBF9-4A85-9396-761DD32E8A1B}"
EndProject
Global
	GlobalSection(SolutionConfigurationPlatforms) = preSolution
		Debug|Win32 = Debug|Win32
		Release|Win32 = Release|Win32
	EndGlobalSection
	GlobalSection(ProjectConfigurationPlatforms) = postSolution
		{A8DE6F66-FBF9-4A85-9396-761DD32E8A1B}.Debug|Win32.ActiveCfg = Debug|Win32
		{A8DE6F66-FBF9-4A85-9396-761DD32E8A1B}.Debug|Win32.Build.0 = Debug|Win32
		{A8DE6F66-FBF9-4A85-9396-761DD32E8A1B}.Release|Win32.ActiveCfg = Release|Win32
		{A8DE6F66-FBF9-4A85-9396-761DD32E8A1B}.Release|Win32.Build.0 = Release|Win32
	EndGlobalSection
	GlobalSection(SolutionProperties) = preSolution
		HideSolutionNode = FALSE
	EndGlobalSection
EndGlobal
